
Microsoft Visual Studio Solution File, Format Version 12.00
# Visual Studio 15
VisualStudioVersion = 15.0.28010.2036
MinimumVisualStudioVersion = 10.0.40219.1
Project("{9A19103F-16F7-4668-BE54-9A1E7A4F7556}") = "ClashOfClans.NET", "ClashOfClans.NET\ClashOfClans.NET.csproj", "{54465803-5C5B-4BBB-9B62-89A8C463BDE2}"
EndProject
Project("{9A19103F-16F7-4668-BE54-9A1E7A4F7556}") = "ClashOfClans.Testing", "ClashOfClans.Testing\ClashOfClans.Testing.csproj", "{FC600DAF-DC52-4D83-82A0-8D03B1ADCE41}"
EndProject
Project("{9A19103F-16F7-4668-BE54-9A1E7A4F7556}") = "ClashOfClans.UnitTests", "ClashOfClans.UnitTests\ClashOfClans.UnitTests.csproj", "{7122591B-06E2-46CA-9751-ACB5B149FDA6}"
EndProject
Global
	GlobalSection(SolutionConfigurationPlatforms) = preSolution
		Debug|Any CPU = Debug|Any CPU
		Release|Any CPU = Release|Any CPU
	EndGlobalSection
	GlobalSection(ProjectConfigurationPlatforms) = postSolution
		{54465803-5C5B-4BBB-9B62-89A8C463BDE2}.Debug|Any CPU.ActiveCfg = Debug|Any CPU
		{54465803-5C5B-4BBB-9B62-89A8C463BDE2}.Debug|Any CPU.Build.0 = Debug|Any CPU
		{54465803-5C5B-4BBB-9B62-89A8C463BDE2}.Release|Any CPU.ActiveCfg = Release|Any CPU
		{54465803-5C5B-4BBB-9B62-89A8C463BDE2}.Release|Any CPU.Build.0 = Release|Any CPU
		{FC600DAF-DC52-4D83-82A0-8D03B1ADCE41}.Debug|Any CPU.ActiveCfg = Debug|Any CPU
		{FC600DAF-DC52-4D83-82A0-8D03B1ADCE41}.Debug|Any CPU.Build.0 = Debug|Any CPU
		{FC600DAF-DC52-4D83-82A0-8D03B1ADCE41}.Release|Any CPU.ActiveCfg = Release|Any CPU
		{FC600DAF-DC52-4D83-82A0-8D03B1ADCE41}.Release|Any CPU.Build.0 = Release|Any CPU
		{7122591B-06E2-46CA-9751-ACB5B149FDA6}.Debug|Any CPU.ActiveCfg = Debug|Any CPU
		{7122591B-06E2-46CA-9751-ACB5B149FDA6}.Debug|Any CPU.Build.0 = Debug|Any CPU
		{7122591B-06E2-46CA-9751-ACB5B149FDA6}.Release|Any CPU.ActiveCfg = Release|Any CPU
		{7122591B-06E2-46CA-9751-ACB5B149FDA6}.Release|Any CPU.Build.0 = Release|Any CPU
	EndGlobalSection
	GlobalSection(SolutionProperties) = preSolution
		HideSolutionNode = FALSE
	EndGlobalSection
	GlobalSection(ExtensibilityGlobals) = postSolution
		SolutionGuid = {CBD30B47-27AA-4AA4-90E1-42764CDB661E}
	EndGlobalSection
EndGlobal
